
Microsoft Visual Studio Solution File, Format Version 12.00
# Visual Studio for Mac
Project("{FAE04EC0-301F-11D3-BF4B-00C04F79EFBC}") = "Oyun", "Oyun.csproj", "{40EC10A1-8DFE-07DB-2CCF-3A4D4668E564}"
EndProject
Project("{FAE04EC0-301F-11D3-BF4B-00C04F79EFBC}") = "Oyun.Editor", "Oyun.Editor.csproj", "{5E05FC15-54C8-B98B-F720-974C20020C6A}"
EndProject
Global
	GlobalSection(SolutionConfigurationPlatforms) = preSolution
		Debug|Any CPU = Debug|Any CPU
		Release|Any CPU = Release|Any CPU
	EndGlobalSection
	GlobalSection(ProjectConfigurationPlatforms) = postSolution
		{40EC10A1-8DFE-07DB-2CCF-3A4D4668E564}.Debug|Any CPU.ActiveCfg = Debug|Any CPU
		{40EC10A1-8DFE-07DB-2CCF-3A4D4668E564}.Debug|Any CPU.Build.0 = Debug|Any CPU
		{40EC10A1-8DFE-07DB-2CCF-3A4D4668E564}.Release|Any CPU.ActiveCfg = Release|Any CPU
		{40EC10A1-8DFE-07DB-2CCF-3A4D4668E564}.Release|Any CPU.Build.0 = Release|Any CPU
		{5E05FC15-54C8-B98B-F720-974C20020C6A}.Debug|Any CPU.ActiveCfg = Debug|Any CPU
		{5E05FC15-54C8-B98B-F720-974C20020C6A}.Debug|Any CPU.Build.0 = Debug|Any CPU
		{5E05FC15-54C8-B98B-F720-974C20020C6A}.Release|Any CPU.ActiveCfg = Release|Any CPU
		{5E05FC15-54C8-B98B-F720-974C20020C6A}.Release|Any CPU.Build.0 = Release|Any CPU
	EndGlobalSection
	GlobalSection(SolutionProperties) = preSolution
		HideSolutionNode = FALSE
	EndGlobalSection
EndGlobal
